<?xml version="1.0" encoding="UTF-8"?>
<CodeBlocks_project_file>
	<FileVersion major="1" minor="6"/>
	<Project>
		<Option title="CTSimulator"/>
		<Option makefile_is_custom="1"/>
		<Option compiler="gcc"/>
		<Option virtualFolders="CMake Files\;CMake Files\..\;CMake Files\..\..\;CMake Files\..\..\..\;CMake Files\..\..\..\..\;CMake Files\..\..\..\..\..\;CMake Files\..\..\..\..\..\..\;CMake Files\..\..\..\..\..\..\usr\;CMake Files\..\..\..\..\..\..\usr\local\;CMake Files\..\..\..\..\..\..\usr\local\lib\;CMake Files\..\..\..\..\..\..\usr\local\lib\cmake\;CMake Files\..\..\..\..\..\..\usr\local\lib\cmake\opencv4\;"/>
		<Build>
			<Target title="all">
				<Option working_dir="/media/verobuckina/Shared-Volume/Projects/CTSimulator/CTSimulator"/>
				<Option type="4"/>
				<MakeCommands>
					<Build command="/usr/bin/gmake -f &quot;/media/verobuckina/Shared-Volume/Projects/CTSimulator/CTSimulator/Makefile&quot;  VERBOSE=1 all"/>
					<CompileFile command="/usr/bin/gmake -f &quot;/media/verobuckina/Shared-Volume/Projects/CTSimulator/CTSimulator/Makefile&quot;  VERBOSE=1 &quot;$file&quot;"/>
					<Clean command="/usr/bin/gmake -f &quot;/media/verobuckina/Shared-Volume/Projects/CTSimulator/CTSimulator/Makefile&quot;  VERBOSE=1 clean"/>
					<DistClean command="/usr/bin/gmake -f &quot;/media/verobuckina/Shared-Volume/Projects/CTSimulator/CTSimulator/Makefile&quot;  VERBOSE=1 clean"/>
				</MakeCommands>
			</Target>
			<Target title="rebuild_cache">
				<Option working_dir="/media/verobuckina/Shared-Volume/Projects/CTSimulator/CTSimulator"/>
				<Option type="4"/>
				<MakeCommands>
					<Build command="/usr/bin/gmake -f &quot;/media/verobuckina/Shared-Volume/Projects/CTSimulator/CTSimulator/Makefile&quot;  VERBOSE=1 rebuild_cache"/>
					<CompileFile command="/usr/bin/gmake -f &quot;/media/verobuckina/Shared-Volume/Projects/CTSimulator/CTSimulator/Makefile&quot;  VERBOSE=1 &quot;$file&quot;"/>
					<Clean command="/usr/bin/gmake -f &quot;/media/verobuckina/Shared-Volume/Projects/CTSimulator/CTSimulator/Makefile&quot;  VERBOSE=1 clean"/>
					<DistClean command="/usr/bin/gmake -f &quot;/media/verobuckina/Shared-Volume/Projects/CTSimulator/CTSimulator/Makefile&quot;  VERBOSE=1 clean"/>
				</MakeCommands>
			</Target>
			<Target title="edit_cache">
				<Option working_dir="/media/verobuckina/Shared-Volume/Projects/CTSimulator/CTSimulator"/>
				<Option type="4"/>
				<MakeCommands>
					<Build command="/usr/bin/gmake -f &quot;/media/verobuckina/Shared-Volume/Projects/CTSimulator/CTSimulator/Makefile&quot;  VERBOSE=1 edit_cache"/>
					<CompileFile command="/usr/bin/gmake -f &quot;/media/verobuckina/Shared-Volume/Projects/CTSimulator/CTSimulator/Makefile&quot;  VERBOSE=1 &quot;$file&quot;"/>
					<Clean command="/usr/bin/gmake -f &quot;/media/verobuckina/Shared-Volume/Projects/CTSimulator/CTSimulator/Makefile&quot;  VERBOSE=1 clean"/>
					<DistClean command="/usr/bin/gmake -f &quot;/media/verobuckina/Shared-Volume/Projects/CTSimulator/CTSimulator/Makefile&quot;  VERBOSE=1 clean"/>
				</MakeCommands>
			</Target>
			<Target title="CTSimulator">
				<Option output="/media/verobuckina/Shared-Volume/Projects/CTSimulator/CTSimulator/CTSimulator" prefix_auto="0" extension_auto="0"/>
				<Option working_dir="/media/verobuckina/Shared-Volume/Projects/CTSimulator/CTSimulator"/>
				<Option object_output="./"/>
				<Option type="1"/>
				<Option compiler="gcc"/>
				<Compiler>
					<Add directory="/usr/local/include/opencv4"/>
				</Compiler>
				<MakeCommands>
					<Build command="/usr/bin/gmake -f &quot;/media/verobuckina/Shared-Volume/Projects/CTSimulator/CTSimulator/Makefile&quot;  VERBOSE=1 CTSimulator"/>
					<CompileFile command="/usr/bin/gmake -f &quot;/media/verobuckina/Shared-Volume/Projects/CTSimulator/CTSimulator/Makefile&quot;  VERBOSE=1 &quot;$file&quot;"/>
					<Clean command="/usr/bin/gmake -f &quot;/media/verobuckina/Shared-Volume/Projects/CTSimulator/CTSimulator/Makefile&quot;  VERBOSE=1 clean"/>
					<DistClean command="/usr/bin/gmake -f &quot;/media/verobuckina/Shared-Volume/Projects/CTSimulator/CTSimulator/Makefile&quot;  VERBOSE=1 clean"/>
				</MakeCommands>
			</Target>
			<Target title="CTSimulator/fast">
				<Option output="/media/verobuckina/Shared-Volume/Projects/CTSimulator/CTSimulator/CTSimulator" prefix_auto="0" extension_auto="0"/>
				<Option working_dir="/media/verobuckina/Shared-Volume/Projects/CTSimulator/CTSimulator"/>
				<Option object_output="./"/>
				<Option type="1"/>
				<Option compiler="gcc"/>
				<Compiler>
					<Add directory="/usr/local/include/opencv4"/>
				</Compiler>
				<MakeCommands>
					<Build command="/usr/bin/gmake -f &quot;/media/verobuckina/Shared-Volume/Projects/CTSimulator/CTSimulator/Makefile&quot;  VERBOSE=1 CTSimulator/fast"/>
					<CompileFile command="/usr/bin/gmake -f &quot;/media/verobuckina/Shared-Volume/Projects/CTSimulator/CTSimulator/Makefile&quot;  VERBOSE=1 &quot;$file&quot;"/>
					<Clean command="/usr/bin/gmake -f &quot;/media/verobuckina/Shared-Volume/Projects/CTSimulator/CTSimulator/Makefile&quot;  VERBOSE=1 clean"/>
					<DistClean command="/usr/bin/gmake -f &quot;/media/verobuckina/Shared-Volume/Projects/CTSimulator/CTSimulator/Makefile&quot;  VERBOSE=1 clean"/>
				</MakeCommands>
			</Target>
		</Build>
		<Unit filename="/media/verobuckina/Shared-Volume/Projects/CTSimulator/CTSimulator/BackProjection.cpp">
			<Option target="CTSimulator"/>
		</Unit>
		<Unit filename="/media/verobuckina/Shared-Volume/Projects/CTSimulator/CTSimulator/BackProjection.h">
			<Option target="CTSimulator"/>
		</Unit>
		<Unit filename="/media/verobuckina/Shared-Volume/Projects/CTSimulator/CTSimulator/ForwardProjection.cpp">
			<Option target="CTSimulator"/>
		</Unit>
		<Unit filename="/media/verobuckina/Shared-Volume/Projects/CTSimulator/CTSimulator/ForwardProjection.h">
			<Option target="CTSimulator"/>
		</Unit>
		<Unit filename="/media/verobuckina/Shared-Volume/Projects/CTSimulator/CTSimulator/Kernels.cpp">
			<Option target="CTSimulator"/>
		</Unit>
		<Unit filename="/media/verobuckina/Shared-Volume/Projects/CTSimulator/CTSimulator/Kernels.h">
			<Option target="CTSimulator"/>
		</Unit>
		<Unit filename="/media/verobuckina/Shared-Volume/Projects/CTSimulator/CTSimulator/main.cpp">
			<Option target="CTSimulator"/>
		</Unit>
		<Unit filename="/media/verobuckina/Shared-Volume/Projects/CTSimulator/CTSimulator/CMakeLists.txt">
			<Option virtualFolder="CMake Files\"/>
		</Unit>
		<Unit filename="/media/verobuckina/Shared-Volume/Projects/CTSimulator/CTSimulator/../../../../../../usr/local/lib/cmake/opencv4/OpenCVConfig-version.cmake">
			<Option virtualFolder="CMake Files\..\..\..\..\..\..\usr\local\lib\cmake\opencv4\"/>
		</Unit>
		<Unit filename="/media/verobuckina/Shared-Volume/Projects/CTSimulator/CTSimulator/../../../../../../usr/local/lib/cmake/opencv4/OpenCVConfig.cmake">
			<Option virtualFolder="CMake Files\..\..\..\..\..\..\usr\local\lib\cmake\opencv4\"/>
		</Unit>
		<Unit filename="/media/verobuckina/Shared-Volume/Projects/CTSimulator/CTSimulator/../../../../../../usr/local/lib/cmake/opencv4/OpenCVModules-release.cmake">
			<Option virtualFolder="CMake Files\..\..\..\..\..\..\usr\local\lib\cmake\opencv4\"/>
		</Unit>
		<Unit filename="/media/verobuckina/Shared-Volume/Projects/CTSimulator/CTSimulator/../../../../../../usr/local/lib/cmake/opencv4/OpenCVModules.cmake">
			<Option virtualFolder="CMake Files\..\..\..\..\..\..\usr\local\lib\cmake\opencv4\"/>
		</Unit>
	</Project>
</CodeBlocks_project_file>
